
Microsoft Visual Studio Solution File, Format Version 11.00
# Visual Studio 2010
Project("{8BC9CEB8-8B4A-11D0-8D11-00A0C91BC942}") = "NaClAMBase", "NaClAMBase\NaClAMBase.vcxproj", "{9E16472A-0259-4C24-BCFA-EF9BA01F9CE8}"
EndProject
Project("{8BC9CEB8-8B4A-11D0-8D11-00A0C91BC942}") = "NaClAMTest", "NaClAMTest\NaClAMTest.vcxproj", "{49E3327C-D1AF-49DC-A02A-77B4D2C997A6}"
EndProject
Project("{8BC9CEB8-8B4A-11D0-8D11-00A0C91BC942}") = "NaClAMBullet", "NaClAMBullet\NaClAMBullet.vcxproj", "{5F6B10FA-B6CD-4E9D-B8D1-E10066E020C8}"
EndProject
Project("{8BC9CEB8-8B4A-11D0-8D11-00A0C91BC942}") = "LinearMath", "NaClAMBullet\bullet-2.81-rev2613\build\vs2010\LinearMath.vcxproj", "{58D08522-C69F-904C-A7ED-733DA229F1BA}"
EndProject
Project("{8BC9CEB8-8B4A-11D0-8D11-00A0C91BC942}") = "BulletCollision", "NaClAMBullet\bullet-2.81-rev2613\build\vs2010\BulletCollision.vcxproj", "{54AE91C7-48D4-9C49-A5B1-0CED554CADFA}"
EndProject
Project("{8BC9CEB8-8B4A-11D0-8D11-00A0C91BC942}") = "BulletDynamics", "NaClAMBullet\bullet-2.81-rev2613\build\vs2010\BulletDynamics.vcxproj", "{28D36A0F-B790-D748-BC8C-8FB422E45492}"
EndProject
Global
	GlobalSection(SolutionConfigurationPlatforms) = preSolution
		Debug|NaCl32 = Debug|NaCl32
		Debug|NaCl64 = Debug|NaCl64
		Release|NaCl32 = Release|NaCl32
		Release|NaCl64 = Release|NaCl64
	EndGlobalSection
	GlobalSection(ProjectConfigurationPlatforms) = postSolution
		{9E16472A-0259-4C24-BCFA-EF9BA01F9CE8}.Debug|NaCl32.ActiveCfg = Debug|NaCl32
		{9E16472A-0259-4C24-BCFA-EF9BA01F9CE8}.Debug|NaCl32.Build.0 = Debug|NaCl32
		{9E16472A-0259-4C24-BCFA-EF9BA01F9CE8}.Debug|NaCl64.ActiveCfg = Debug|NaCl64
		{9E16472A-0259-4C24-BCFA-EF9BA01F9CE8}.Debug|NaCl64.Build.0 = Debug|NaCl64
		{9E16472A-0259-4C24-BCFA-EF9BA01F9CE8}.Release|NaCl32.ActiveCfg = Release|NaCl32
		{9E16472A-0259-4C24-BCFA-EF9BA01F9CE8}.Release|NaCl32.Build.0 = Release|NaCl32
		{9E16472A-0259-4C24-BCFA-EF9BA01F9CE8}.Release|NaCl64.ActiveCfg = Release|NaCl64
		{9E16472A-0259-4C24-BCFA-EF9BA01F9CE8}.Release|NaCl64.Build.0 = Release|NaCl64
		{49E3327C-D1AF-49DC-A02A-77B4D2C997A6}.Debug|NaCl32.ActiveCfg = Debug|NaCl32
		{49E3327C-D1AF-49DC-A02A-77B4D2C997A6}.Debug|NaCl32.Build.0 = Debug|NaCl32
		{49E3327C-D1AF-49DC-A02A-77B4D2C997A6}.Debug|NaCl64.ActiveCfg = Debug|NaCl64
		{49E3327C-D1AF-49DC-A02A-77B4D2C997A6}.Debug|NaCl64.Build.0 = Debug|NaCl64
		{49E3327C-D1AF-49DC-A02A-77B4D2C997A6}.Release|NaCl32.ActiveCfg = Release|NaCl32
		{49E3327C-D1AF-49DC-A02A-77B4D2C997A6}.Release|NaCl32.Build.0 = Release|NaCl32
		{49E3327C-D1AF-49DC-A02A-77B4D2C997A6}.Release|NaCl64.ActiveCfg = Release|NaCl64
		{49E3327C-D1AF-49DC-A02A-77B4D2C997A6}.Release|NaCl64.Build.0 = Release|NaCl64
		{5F6B10FA-B6CD-4E9D-B8D1-E10066E020C8}.Debug|NaCl32.ActiveCfg = Debug|NaCl32
		{5F6B10FA-B6CD-4E9D-B8D1-E10066E020C8}.Debug|NaCl32.Build.0 = Debug|NaCl32
		{5F6B10FA-B6CD-4E9D-B8D1-E10066E020C8}.Debug|NaCl64.ActiveCfg = Debug|NaCl64
		{5F6B10FA-B6CD-4E9D-B8D1-E10066E020C8}.Debug|NaCl64.Build.0 = Debug|NaCl64
		{5F6B10FA-B6CD-4E9D-B8D1-E10066E020C8}.Release|NaCl32.ActiveCfg = Release|NaCl32
		{5F6B10FA-B6CD-4E9D-B8D1-E10066E020C8}.Release|NaCl32.Build.0 = Release|NaCl32
		{5F6B10FA-B6CD-4E9D-B8D1-E10066E020C8}.Release|NaCl64.ActiveCfg = Release|NaCl64
		{5F6B10FA-B6CD-4E9D-B8D1-E10066E020C8}.Release|NaCl64.Build.0 = Release|NaCl64
		{58D08522-C69F-904C-A7ED-733DA229F1BA}.Debug|NaCl32.ActiveCfg = Debug|NaCl32
		{58D08522-C69F-904C-A7ED-733DA229F1BA}.Debug|NaCl32.Build.0 = Debug|NaCl32
		{58D08522-C69F-904C-A7ED-733DA229F1BA}.Debug|NaCl64.ActiveCfg = Debug|NaCl64
		{58D08522-C69F-904C-A7ED-733DA229F1BA}.Debug|NaCl64.Build.0 = Debug|NaCl64
		{58D08522-C69F-904C-A7ED-733DA229F1BA}.Release|NaCl32.ActiveCfg = Release|NaCl32
		{58D08522-C69F-904C-A7ED-733DA229F1BA}.Release|NaCl32.Build.0 = Release|NaCl32
		{58D08522-C69F-904C-A7ED-733DA229F1BA}.Release|NaCl64.ActiveCfg = Release|NaCl64
		{58D08522-C69F-904C-A7ED-733DA229F1BA}.Release|NaCl64.Build.0 = Release|NaCl64
		{54AE91C7-48D4-9C49-A5B1-0CED554CADFA}.Debug|NaCl32.ActiveCfg = Debug|NaCl32
		{54AE91C7-48D4-9C49-A5B1-0CED554CADFA}.Debug|NaCl32.Build.0 = Debug|NaCl32
		{54AE91C7-48D4-9C49-A5B1-0CED554CADFA}.Debug|NaCl64.ActiveCfg = Debug|NaCl64
		{54AE91C7-48D4-9C49-A5B1-0CED554CADFA}.Debug|NaCl64.Build.0 = Debug|NaCl64
		{54AE91C7-48D4-9C49-A5B1-0CED554CADFA}.Release|NaCl32.ActiveCfg = Release|NaCl32
		{54AE91C7-48D4-9C49-A5B1-0CED554CADFA}.Release|NaCl32.Build.0 = Release|NaCl32
		{54AE91C7-48D4-9C49-A5B1-0CED554CADFA}.Release|NaCl64.ActiveCfg = Release|NaCl64
		{54AE91C7-48D4-9C49-A5B1-0CED554CADFA}.Release|NaCl64.Build.0 = Release|NaCl64
		{28D36A0F-B790-D748-BC8C-8FB422E45492}.Debug|NaCl32.ActiveCfg = Debug|NaCl32
		{28D36A0F-B790-D748-BC8C-8FB422E45492}.Debug|NaCl32.Build.0 = Debug|NaCl32
		{28D36A0F-B790-D748-BC8C-8FB422E45492}.Debug|NaCl64.ActiveCfg = Debug|NaCl64
		{28D36A0F-B790-D748-BC8C-8FB422E45492}.Debug|NaCl64.Build.0 = Debug|NaCl64
		{28D36A0F-B790-D748-BC8C-8FB422E45492}.Release|NaCl32.ActiveCfg = Release|NaCl32
		{28D36A0F-B790-D748-BC8C-8FB422E45492}.Release|NaCl32.Build.0 = Release|NaCl32
		{28D36A0F-B790-D748-BC8C-8FB422E45492}.Release|NaCl64.ActiveCfg = Release|NaCl64
		{28D36A0F-B790-D748-BC8C-8FB422E45492}.Release|NaCl64.Build.0 = Release|NaCl64
	EndGlobalSection
	GlobalSection(SolutionProperties) = preSolution
		HideSolutionNode = FALSE
	EndGlobalSection
EndGlobal
