<?xml version="1.0" encoding="utf-8"?>
<Project ToolsVersion="4.0" xmlns="http://schemas.microsoft.com/developer/msbuild/2003">
  <ItemGroup>
    <Filter Include="Source Files">
      <UniqueIdentifier>{4FC737F1-C7A5-4376-A066-2A32D752A2FF}</UniqueIdentifier>
      <Extensions>cpp;c;cc;cxx;def;odl;idl;hpj;bat;asm;asmx</Extensions>
    </Filter>
    <Filter Include="Header Files">
      <UniqueIdentifier>{93995380-89BD-4b04-88EB-625FBE52EBFB}</UniqueIdentifier>
      <Extensions>h;hpp;hxx;hm;inl;inc;xsd</Extensions>
    </Filter>
    <Filter Include="Resource Files">
      <UniqueIdentifier>{67DA6AB6-F800-4c08-8B7A-83BB121AAD01}</UniqueIdentifier>
      <Extensions>rc;ico;cur;bmp;dlg;rc2;rct;bin;rgs;gif;jpg;jpeg;jpe;resx;tiff;tif;png;wav;mfcribbon-ms</Extensions>
    </Filter>
  </ItemGroup>
  <ItemGroup>
    <ClCompile Include="libpal\libpal.cpp">
      <Filter>Source Files</Filter>
    </ClCompile>
    <ClCompile Include="libpal\pal_adi.cpp">
      <Filter>Source Files</Filter>
    </ClCompile>
    <ClCompile Include="libpal\pal_algorithms.cpp">
      <Filter>Source Files</Filter>
    </ClCompile>
    <ClCompile Include="libpal\pal_align.cpp">
      <Filter>Source Files</Filter>
    </ClCompile>
    <ClCompile Include="libpal\pal_allocator.cpp">
      <Filter>Source Files</Filter>
    </ClCompile>
    <ClCompile Include="libpal\pal_base64.cpp">
      <Filter>Source Files</Filter>
    </ClCompile>
    <ClCompile Include="libpal\pal_binary_reader.cpp">
      <Filter>Source Files</Filter>
    </ClCompile>
    <ClCompile Include="libpal\pal_command_buffer.cpp">
      <Filter>Source Files</Filter>
    </ClCompile>
    <ClCompile Include="libpal\pal_compacting_allocator.cpp">
      <Filter>Source Files</Filter>
    </ClCompile>
    <ClCompile Include="libpal\pal_console.cpp">
      <Filter>Source Files</Filter>
    </ClCompile>
    <ClCompile Include="libpal\pal_debug.cpp">
      <Filter>Source Files</Filter>
    </ClCompile>
    <ClCompile Include="libpal\pal_event.cpp">
      <Filter>Source Files</Filter>
    </ClCompile>
    <ClCompile Include="libpal\pal_file.cpp">
      <Filter>Source Files</Filter>
    </ClCompile>
    <ClCompile Include="libpal\pal_file_stream.cpp">
      <Filter>Source Files</Filter>
    </ClCompile>
    <ClCompile Include="libpal\pal_font_rasterizer_freetype.cpp">
      <Filter>Source Files</Filter>
    </ClCompile>
    <ClCompile Include="libpal\pal_font_rasterizer_stb.cpp">
      <Filter>Source Files</Filter>
    </ClCompile>
    <ClCompile Include="libpal\pal_frame_clock.cpp">
      <Filter>Source Files</Filter>
    </ClCompile>
    <ClCompile Include="libpal\pal_hash_constants.cpp">
      <Filter>Source Files</Filter>
    </ClCompile>
    <ClCompile Include="libpal\pal_image.cpp">
      <Filter>Source Files</Filter>
    </ClCompile>
    <ClCompile Include="libpal\pal_json.cpp">
      <Filter>Source Files</Filter>
    </ClCompile>
    <ClCompile Include="libpal\pal_md5.cpp">
      <Filter>Source Files</Filter>
    </ClCompile>
    <ClCompile Include="libpal\pal_memory.cpp">
      <Filter>Source Files</Filter>
    </ClCompile>
    <ClCompile Include="libpal\pal_memory_stream.cpp">
      <Filter>Source Files</Filter>
    </ClCompile>
    <ClCompile Include="libpal\pal_page_allocator.cpp">
      <Filter>Source Files</Filter>
    </ClCompile>
    <ClCompile Include="libpal\pal_path.cpp">
      <Filter>Source Files</Filter>
    </ClCompile>
    <ClCompile Include="libpal\pal_pipe.cpp">
      <Filter>Source Files</Filter>
    </ClCompile>
    <ClCompile Include="libpal\pal_pipe_stream.cpp">
      <Filter>Source Files</Filter>
    </ClCompile>
    <ClCompile Include="libpal\pal_platform.cpp">
      <Filter>Source Files</Filter>
    </ClCompile>
    <ClCompile Include="libpal\pal_process.cpp">
      <Filter>Source Files</Filter>
    </ClCompile>
    <ClCompile Include="libpal\pal_profiler.cpp">
      <Filter>Source Files</Filter>
    </ClCompile>
    <ClCompile Include="libpal\pal_random.cpp">
      <Filter>Source Files</Filter>
    </ClCompile>
    <ClCompile Include="libpal\pal_scalar.cpp">
      <Filter>Source Files</Filter>
    </ClCompile>
    <ClCompile Include="libpal\pal_sha1.cpp">
      <Filter>Source Files</Filter>
    </ClCompile>
    <ClCompile Include="libpal\pal_simd.cpp">
      <Filter>Source Files</Filter>
    </ClCompile>
    <ClCompile Include="libpal\pal_socket.cpp">
      <Filter>Source Files</Filter>
    </ClCompile>
    <ClCompile Include="libpal\pal_socket_stream.cpp">
      <Filter>Source Files</Filter>
    </ClCompile>
    <ClCompile Include="libpal\pal_string.cpp">
      <Filter>Source Files</Filter>
    </ClCompile>
    <ClCompile Include="libpal\pal_system_heap_allocator.cpp">
      <Filter>Source Files</Filter>
    </ClCompile>
    <ClCompile Include="libpal\pal_tcp_client.cpp">
      <Filter>Source Files</Filter>
    </ClCompile>
    <ClCompile Include="libpal\pal_tcp_listener.cpp">
      <Filter>Source Files</Filter>
    </ClCompile>
    <ClCompile Include="libpal\pal_thread.cpp">
      <Filter>Source Files</Filter>
    </ClCompile>
    <ClCompile Include="libpal\pal_time_line.cpp">
      <Filter>Source Files</Filter>
    </ClCompile>
    <ClCompile Include="libpal\pal_timer_event.cpp">
      <Filter>Source Files</Filter>
    </ClCompile>
    <ClCompile Include="libpal\pal_tokenizer.cpp">
      <Filter>Source Files</Filter>
    </ClCompile>
    <ClCompile Include="libpal\pal_tracking_allocator.cpp">
      <Filter>Source Files</Filter>
    </ClCompile>
    <ClCompile Include="libpal\pal_utf8.cpp">
      <Filter>Source Files</Filter>
    </ClCompile>
    <ClCompile Include="libpal\pal_web_socket_server.cpp">
      <Filter>Source Files</Filter>
    </ClCompile>
    <ClCompile Include="libpal\pal_heap_allocator.cpp">
      <Filter>Source Files</Filter>
    </ClCompile>
    <ClCompile Include="libpal\dlmalloc\dlmalloc.cpp">
      <Filter>Source Files</Filter>
    </ClCompile>
  </ItemGroup>
  <ItemGroup>
    <ClInclude Include="libpal\libpal.h">
      <Filter>Header Files</Filter>
    </ClInclude>
    <ClInclude Include="libpal\pal_algorithms.h">
      <Filter>Header Files</Filter>
    </ClInclude>
    <ClInclude Include="libpal\pal_align.h">
      <Filter>Header Files</Filter>
    </ClInclude>
    <ClInclude Include="libpal\pal_allocator.h">
      <Filter>Header Files</Filter>
    </ClInclude>
    <ClInclude Include="libpal\pal_allocator_interface.h">
      <Filter>Header Files</Filter>
    </ClInclude>
    <ClInclude Include="libpal\pal_array.h">
      <Filter>Header Files</Filter>
    </ClInclude>
    <ClInclude Include="libpal\pal_atomic.h">
      <Filter>Header Files</Filter>
    </ClInclude>
    <ClInclude Include="libpal\pal_atomic_inl.h">
      <Filter>Header Files</Filter>
    </ClInclude>
    <ClInclude Include="libpal\pal_base64.h">
      <Filter>Header Files</Filter>
    </ClInclude>
    <ClInclude Include="libpal\pal_binary_reader.h">
      <Filter>Header Files</Filter>
    </ClInclude>
    <ClInclude Include="libpal\pal_blob_array.h">
      <Filter>Header Files</Filter>
    </ClInclude>
    <ClInclude Include="libpal\pal_command_buffer.h">
      <Filter>Header Files</Filter>
    </ClInclude>
    <ClInclude Include="libpal\pal_compacting_allocator.h">
      <Filter>Header Files</Filter>
    </ClInclude>
    <ClInclude Include="libpal\pal_console.h">
      <Filter>Header Files</Filter>
    </ClInclude>
    <ClInclude Include="libpal\pal_debug.h">
      <Filter>Header Files</Filter>
    </ClInclude>
    <ClInclude Include="libpal\pal_delegate.h">
      <Filter>Header Files</Filter>
    </ClInclude>
    <ClInclude Include="libpal\pal_delegate_internal.h">
      <Filter>Header Files</Filter>
    </ClInclude>
    <ClInclude Include="libpal\pal_endian.h">
      <Filter>Header Files</Filter>
    </ClInclude>
    <ClInclude Include="libpal\pal_errorcode.h">
      <Filter>Header Files</Filter>
    </ClInclude>
    <ClInclude Include="libpal\pal_event.h">
      <Filter>Header Files</Filter>
    </ClInclude>
    <ClInclude Include="libpal\pal_file.h">
      <Filter>Header Files</Filter>
    </ClInclude>
    <ClInclude Include="libpal\pal_file_stream.h">
      <Filter>Header Files</Filter>
    </ClInclude>
    <ClInclude Include="libpal\pal_font_rasterizer.h">
      <Filter>Header Files</Filter>
    </ClInclude>
    <ClInclude Include="libpal\pal_font_rasterizer_stb.h">
      <Filter>Header Files</Filter>
    </ClInclude>
    <ClInclude Include="libpal\pal_frame_clock.h">
      <Filter>Header Files</Filter>
    </ClInclude>
    <ClInclude Include="libpal\pal_hash_constants.h">
      <Filter>Header Files</Filter>
    </ClInclude>
    <ClInclude Include="libpal\pal_hash_functions.h">
      <Filter>Header Files</Filter>
    </ClInclude>
    <ClInclude Include="libpal\pal_hash_map.h">
      <Filter>Header Files</Filter>
    </ClInclude>
    <ClInclude Include="libpal\pal_hash_map_cache.h">
      <Filter>Header Files</Filter>
    </ClInclude>
    <ClInclude Include="libpal\pal_hash_set.h">
      <Filter>Header Files</Filter>
    </ClInclude>
    <ClInclude Include="libpal\pal_heap_allocator.h">
      <Filter>Header Files</Filter>
    </ClInclude>
    <ClInclude Include="libpal\pal_ilist.h">
      <Filter>Header Files</Filter>
    </ClInclude>
    <ClInclude Include="libpal\pal_image.h">
      <Filter>Header Files</Filter>
    </ClInclude>
    <ClInclude Include="libpal\pal_json.h">
      <Filter>Header Files</Filter>
    </ClInclude>
    <ClInclude Include="libpal\pal_limits.h">
      <Filter>Header Files</Filter>
    </ClInclude>
    <ClInclude Include="libpal\pal_list.h">
      <Filter>Header Files</Filter>
    </ClInclude>
    <ClInclude Include="libpal\pal_md5.h">
      <Filter>Header Files</Filter>
    </ClInclude>
    <ClInclude Include="libpal\pal_mem_blob.h">
      <Filter>Header Files</Filter>
    </ClInclude>
    <ClInclude Include="libpal\pal_memory.h">
      <Filter>Header Files</Filter>
    </ClInclude>
    <ClInclude Include="libpal\pal_memory_stream.h">
      <Filter>Header Files</Filter>
    </ClInclude>
    <ClInclude Include="libpal\pal_min_heap.h">
      <Filter>Header Files</Filter>
    </ClInclude>
    <ClInclude Include="libpal\pal_object_id_table.h">
      <Filter>Header Files</Filter>
    </ClInclude>
    <ClInclude Include="libpal\pal_page_allocator.h">
      <Filter>Header Files</Filter>
    </ClInclude>
    <ClInclude Include="libpal\pal_pair.h">
      <Filter>Header Files</Filter>
    </ClInclude>
    <ClInclude Include="libpal\pal_path.h">
      <Filter>Header Files</Filter>
    </ClInclude>
    <ClInclude Include="libpal\pal_pipe.h">
      <Filter>Header Files</Filter>
    </ClInclude>
    <ClInclude Include="libpal\pal_pipe_stream.h">
      <Filter>Header Files</Filter>
    </ClInclude>
    <ClInclude Include="libpal\pal_platform.h">
      <Filter>Header Files</Filter>
    </ClInclude>
    <ClInclude Include="libpal\pal_pool_allocator.h">
      <Filter>Header Files</Filter>
    </ClInclude>
    <ClInclude Include="libpal\pal_process.h">
      <Filter>Header Files</Filter>
    </ClInclude>
    <ClInclude Include="libpal\pal_profiler.h">
      <Filter>Header Files</Filter>
    </ClInclude>
    <ClInclude Include="libpal\pal_proxy_allocator.h">
      <Filter>Header Files</Filter>
    </ClInclude>
    <ClInclude Include="libpal\pal_random.h">
      <Filter>Header Files</Filter>
    </ClInclude>
    <ClInclude Include="libpal\pal_scalar.h">
      <Filter>Header Files</Filter>
    </ClInclude>
    <ClInclude Include="libpal\pal_sha1.h">
      <Filter>Header Files</Filter>
    </ClInclude>
    <ClInclude Include="libpal\pal_simd.h">
      <Filter>Header Files</Filter>
    </ClInclude>
    <ClInclude Include="libpal\pal_simd_impl-inl.h">
      <Filter>Header Files</Filter>
    </ClInclude>
    <ClInclude Include="libpal\pal_simd_types-inl.h">
      <Filter>Header Files</Filter>
    </ClInclude>
    <ClInclude Include="libpal\pal_socket.h">
      <Filter>Header Files</Filter>
    </ClInclude>
    <ClInclude Include="libpal\pal_socket_stream.h">
      <Filter>Header Files</Filter>
    </ClInclude>
    <ClInclude Include="libpal\pal_spinlock.h">
      <Filter>Header Files</Filter>
    </ClInclude>
    <ClInclude Include="libpal\pal_stack_allocator.h">
      <Filter>Header Files</Filter>
    </ClInclude>
    <ClInclude Include="libpal\pal_stream_interface.h">
      <Filter>Header Files</Filter>
    </ClInclude>
    <ClInclude Include="libpal\pal_string.h">
      <Filter>Header Files</Filter>
    </ClInclude>
    <ClInclude Include="libpal\pal_string_inl.h">
      <Filter>Header Files</Filter>
    </ClInclude>
    <ClInclude Include="libpal\pal_system_heap_allocator.h">
      <Filter>Header Files</Filter>
    </ClInclude>
    <ClInclude Include="libpal\pal_tcp_client.h">
      <Filter>Header Files</Filter>
    </ClInclude>
    <ClInclude Include="libpal\pal_tcp_listener.h">
      <Filter>Header Files</Filter>
    </ClInclude>
    <ClInclude Include="libpal\pal_thread.h">
      <Filter>Header Files</Filter>
    </ClInclude>
    <ClInclude Include="libpal\pal_time_line.h">
      <Filter>Header Files</Filter>
    </ClInclude>
    <ClInclude Include="libpal\pal_timer.h">
      <Filter>Header Files</Filter>
    </ClInclude>
    <ClInclude Include="libpal\pal_timer_event.h">
      <Filter>Header Files</Filter>
    </ClInclude>
    <ClInclude Include="libpal\pal_tokenizer.h">
      <Filter>Header Files</Filter>
    </ClInclude>
    <ClInclude Include="libpal\pal_tracking_allocator.h">
      <Filter>Header Files</Filter>
    </ClInclude>
    <ClInclude Include="libpal\pal_types.h">
      <Filter>Header Files</Filter>
    </ClInclude>
    <ClInclude Include="libpal\pal_unicode_tables.h">
      <Filter>Header Files</Filter>
    </ClInclude>
    <ClInclude Include="libpal\pal_utf8.h">
      <Filter>Header Files</Filter>
    </ClInclude>
    <ClInclude Include="libpal\pal_web_socket_server.h">
      <Filter>Header Files</Filter>
    </ClInclude>
  </ItemGroup>
</Project>